
Microsoft Visual Studio Solution File, Format Version 12.00
# Visual Studio Version 17
VisualStudioVersion = 17.10.35027.167
MinimumVisualStudioVersion = 10.0.40219.1
Project("{FAE04EC0-301F-11D3-BF4B-00C04F79EFBC}") = "kkCharaCustomListEditor", "kkCharaCustomListEditor\kkCharaCustomListEditor.csproj", "{5490E721-C353-481C-977F-96ADD9B542EE}"
EndProject
Global
	GlobalSection(SolutionConfigurationPlatforms) = preSolution
		Debug|Any CPU = Debug|Any CPU
		Release|Any CPU = Release|Any CPU
	EndGlobalSection
	GlobalSection(ProjectConfigurationPlatforms) = postSolution
		{5490E721-C353-481C-977F-96ADD9B542EE}.Debug|Any CPU.ActiveCfg = Debug|Any CPU
		{5490E721-C353-481C-977F-96ADD9B542EE}.Debug|Any CPU.Build.0 = Debug|Any CPU
		{5490E721-C353-481C-977F-96ADD9B542EE}.Release|Any CPU.ActiveCfg = Release|Any CPU
		{5490E721-C353-481C-977F-96ADD9B542EE}.Release|Any CPU.Build.0 = Release|Any CPU
	EndGlobalSection
	GlobalSection(SolutionProperties) = preSolution
		HideSolutionNode = FALSE
	EndGlobalSection
	GlobalSection(ExtensibilityGlobals) = postSolution
		SolutionGuid = {6E9F8A46-486D-42F9-B017-E729749E7327}
	EndGlobalSection
EndGlobal
